
Microsoft Visual Studio Solution File, Format Version 12.00
# Visual Studio 15
VisualStudioVersion = 15.0.28010.2036
MinimumVisualStudioVersion = 10.0.40219.1
Project("{FAE04EC0-301F-11D3-BF4B-00C04F79EFBC}") = "ejercicios", "ejercicios\ejercicios.csproj", "{32983DCD-31BE-4A29-B217-A1BA07D12F94}"
EndProject
Global
	GlobalSection(SolutionConfigurationPlatforms) = preSolution
		Debug|Any CPU = Debug|Any CPU
		Release|Any CPU = Release|Any CPU
	EndGlobalSection
	GlobalSection(ProjectConfigurationPlatforms) = postSolution
		{32983DCD-31BE-4A29-B217-A1BA07D12F94}.Debug|Any CPU.ActiveCfg = Debug|Any CPU
		{32983DCD-31BE-4A29-B217-A1BA07D12F94}.Debug|Any CPU.Build.0 = Debug|Any CPU
		{32983DCD-31BE-4A29-B217-A1BA07D12F94}.Release|Any CPU.ActiveCfg = Release|Any CPU
		{32983DCD-31BE-4A29-B217-A1BA07D12F94}.Release|Any CPU.Build.0 = Release|Any CPU
	EndGlobalSection
	GlobalSection(SolutionProperties) = preSolution
		HideSolutionNode = FALSE
	EndGlobalSection
	GlobalSection(ExtensibilityGlobals) = postSolution
		SolutionGuid = {6EB91250-25B9-43F1-86CA-EDF8EB08C89E}
	EndGlobalSection
EndGlobal
